# This file is @generated by PDM.
# It is not intended for manual editing.

[metadata]
groups = ["default"]
strategy = ["inherit_metadata"]
lock_version = "4.5.0"
content_hash = "sha256:d1c1052b5deb887d3f80c0ddb5009cb057aac606aa98c9cc29697e574d7ecdc3"

[[metadata.targets]]
requires_python = ">=3.13"

[[package]]
name = "allure-pytest"
version = "2.14.3"
summary = "Allure pytest integration"
groups = ["default"]
dependencies = [
    "allure-python-commons==2.14.3",
    "pytest>=4.5.0",
]
files = [
    {file = "allure_pytest-2.14.3-py3-none-any.whl", hash = "sha256:9704dea12f98991bc9e13be4ce9f90fe703beaff90e4741d67ae64c9815336c5"},
    {file = "allure_pytest-2.14.3.tar.gz", hash = "sha256:6d02a129867c7ef8b6943721d2be3141e3d1c3551741aff17b6afee64cd92b60"},
]

[[package]]
name = "allure-python-commons"
version = "2.14.3"
requires_python = ">=3.6"
summary = "Contains the API for end users as well as helper functions and classes to build Allure adapters for Python test frameworks"
groups = ["default"]
dependencies = [
    "attrs>=16.0.0",
    "pluggy>=0.4.0",
]
files = [
    {file = "allure_python_commons-2.14.3-py3-none-any.whl", hash = "sha256:7bcf6a2eff69e6f0eacd8681e923f0a9dfbdd86cb8e20d8f93288057f9fb7cb1"},
    {file = "allure_python_commons-2.14.3.tar.gz", hash = "sha256:2dcaa87dd6b0b41902f60fe17e2653d3762788f3998ca4cf721dabfa8342aa07"},
]

[[package]]
name = "attrs"
version = "25.3.0"
requires_python = ">=3.8"
summary = "Classes Without Boilerplate"
groups = ["default"]
files = [
    {file = "attrs-25.3.0-py3-none-any.whl", hash = "sha256:427318ce031701fea540783410126f03899a97ffc6f61596ad581ac2e40e3bc3"},
    {file = "attrs-25.3.0.tar.gz", hash = "sha256:75d7cefc7fb576747b2c81b4442d4d4a1ce0900973527c011d1030fd3bf4af1b"},
]

[[package]]
name = "colorama"
version = "0.4.6"
requires_python = "!=3.0.*,!=3.1.*,!=3.2.*,!=3.3.*,!=3.4.*,!=3.5.*,!=3.6.*,>=2.7"
summary = "Cross-platform colored terminal text."
groups = ["default"]
marker = "sys_platform == \"win32\""
files = [
    {file = "colorama-0.4.6-py2.py3-none-any.whl", hash = "sha256:4f1d9991f5acc0ca119f9d443620b77f9d6b33703e51011c16baf57afb285fc6"},
    {file = "colorama-0.4.6.tar.gz", hash = "sha256:08695f5cb7ed6e0531a20572697297273c47b8cae5a63ffc6d6ed5c201be6e44"},
]

[[package]]
name = "dill"
version = "0.4.0"
requires_python = ">=3.8"
summary = "serialize all of Python"
groups = ["default"]
files = [
    {file = "dill-0.4.0-py3-none-any.whl", hash = "sha256:44f54bf6412c2c8464c14e8243eb163690a9800dbe2c367330883b19c7561049"},
    {file = "dill-0.4.0.tar.gz", hash = "sha256:0633f1d2df477324f53a895b02c901fb961bdbf65a17122586ea7019292cbcf0"},
]

[[package]]
name = "iniconfig"
version = "2.1.0"
requires_python = ">=3.8"
summary = "brain-dead simple config-ini parsing"
groups = ["default"]
files = [
    {file = "iniconfig-2.1.0-py3-none-any.whl", hash = "sha256:9deba5723312380e77435581c6bf4935c94cbfab9b1ed33ef8d238ea168eb760"},
    {file = "iniconfig-2.1.0.tar.gz", hash = "sha256:3abbd2e30b36733fee78f9c7f7308f2d0050e88f0087fd25c2645f63c773e1c7"},
]

[[package]]
name = "more-itertools"
version = "10.7.0"
requires_python = ">=3.9"
summary = "More routines for operating on iterables, beyond itertools"
groups = ["default"]
files = [
    {file = "more_itertools-10.7.0-py3-none-any.whl", hash = "sha256:d43980384673cb07d2f7d2d918c616b30c659c089ee23953f601d6609c67510e"},
    {file = "more_itertools-10.7.0.tar.gz", hash = "sha256:9fddd5403be01a94b204faadcff459ec3568cf110265d3c54323e1e866ad29d3"},
]

[[package]]
name = "packaging"
version = "25.0"
requires_python = ">=3.8"
summary = "Core utilities for Python packages"
groups = ["default"]
files = [
    {file = "packaging-25.0-py3-none-any.whl", hash = "sha256:29572ef2b1f17581046b3a2227d5c611fb25ec70ca1ba8554b24b0e69331a484"},
    {file = "packaging-25.0.tar.gz", hash = "sha256:d443872c98d677bf60f6a1f2f8c1cb748e8fe762d2bf9d3148b5599295b0fc4f"},
]

[[package]]
name = "pluggy"
version = "1.6.0"
requires_python = ">=3.9"
summary = "plugin and hook calling mechanisms for python"
groups = ["default"]
files = [
    {file = "pluggy-1.6.0-py3-none-any.whl", hash = "sha256:e920276dd6813095e9377c0bc5566d94c932c33b27a3e3945d8389c374dd4746"},
    {file = "pluggy-1.6.0.tar.gz", hash = "sha256:7dcc130b76258d33b90f61b658791dede3486c3e6bfb003ee5c9bfb396dd22f3"},
]

[[package]]
name = "ppretty"
version = "1.3"
summary = "Convert python objects to a human readable format"
groups = ["default"]
files = [
    {file = "ppretty-1.3.zip", hash = "sha256:a5fbe17b9ae9efb9a8d76423d84c7c5af7130b08e6c3b28078ec25c244f883e5"},
]

[[package]]
name = "pyfunctional"
version = "1.5.0"
requires_python = ">=3.8.0,<4.0.0"
summary = "Package for creating data pipelines with chain functional programming"
groups = ["default"]
dependencies = [
    "dill>=0.2.5",
    "tabulate<=1.0.0",
]
files = [
    {file = "pyfunctional-1.5.0-py3-none-any.whl", hash = "sha256:dfee0f4110f4167801bb12f8d497230793392f694655103b794460daefbebf2b"},
    {file = "pyfunctional-1.5.0.tar.gz", hash = "sha256:e184f3d7167e5822b227c95292c3557cf59edf258b1f06a08c8e82991de98769"},
]

[[package]]
name = "pygments"
version = "2.19.2"
requires_python = ">=3.8"
summary = "Pygments is a syntax highlighting package written in Python."
groups = ["default"]
files = [
    {file = "pygments-2.19.2-py3-none-any.whl", hash = "sha256:86540386c03d588bb81d44bc3928634ff26449851e99741617ecb9037ee5ec0b"},
    {file = "pygments-2.19.2.tar.gz", hash = "sha256:636cb2477cec7f8952536970bc533bc43743542f70392ae026374600add5b887"},
]

[[package]]
name = "pyhamcrest"
version = "2.1.0"
requires_python = ">=3.6"
summary = "Hamcrest framework for matcher objects"
groups = ["default"]
files = [
    {file = "pyhamcrest-2.1.0-py3-none-any.whl", hash = "sha256:f6913d2f392e30e0375b3ecbd7aee79e5d1faa25d345c8f4ff597665dcac2587"},
    {file = "pyhamcrest-2.1.0.tar.gz", hash = "sha256:c6acbec0923d0cb7e72c22af1926f3e7c97b8e8d69fc7498eabacaf7c975bd9c"},
]

[[package]]
name = "pytest"
version = "8.4.0"
requires_python = ">=3.9"
summary = "pytest: simple powerful testing with Python"
groups = ["default"]
dependencies = [
    "colorama>=0.4; sys_platform == \"win32\"",
    "exceptiongroup>=1; python_version < \"3.11\"",
    "iniconfig>=1",
    "packaging>=20",
    "pluggy<2,>=1.5",
    "pygments>=2.7.2",
    "tomli>=1; python_version < \"3.11\"",
]
files = [
    {file = "pytest-8.4.0-py3-none-any.whl", hash = "sha256:f40f825768ad76c0977cbacdf1fd37c6f7a468e460ea6a0636078f8972d4517e"},
    {file = "pytest-8.4.0.tar.gz", hash = "sha256:14d920b48472ea0dbf68e45b96cd1ffda4705f33307dcc86c676c1b5104838a6"},
]

[[package]]
name = "returns"
version = "0.25.0"
requires_python = "<4.0,>=3.10"
summary = "Make your functions return something meaningful, typed, and safe!"
groups = ["default"]
dependencies = [
    "typing-extensions<5.0,>=4.0",
]
files = [
    {file = "returns-0.25.0-py3-none-any.whl", hash = "sha256:bdc6ec52d28e74d6965f6de5a3af5e39427e67266014b605865fe2e194a75ed0"},
    {file = "returns-0.25.0.tar.gz", hash = "sha256:1bf547311c0ade25435ce3bbe81642c325ea6b86beaf5d624cd410f0dee3ff50"},
]

[[package]]
name = "tabulate"
version = "0.9.0"
requires_python = ">=3.7"
summary = "Pretty-print tabular data"
groups = ["default"]
files = [
    {file = "tabulate-0.9.0-py3-none-any.whl", hash = "sha256:024ca478df22e9340661486f85298cff5f6dcdba14f3813e8830015b9ed1948f"},
    {file = "tabulate-0.9.0.tar.gz", hash = "sha256:0095b12bf5966de529c0feb1fa08671671b3368eec77d7ef7ab114be2c068b3c"},
]

[[package]]
name = "typing-extensions"
version = "4.14.0"
requires_python = ">=3.9"
summary = "Backported and Experimental Type Hints for Python 3.9+"
groups = ["default"]
files = [
    {file = "typing_extensions-4.14.0-py3-none-any.whl", hash = "sha256:a1514509136dd0b477638fc68d6a91497af5076466ad0fa6c338e44e359944af"},
    {file = "typing_extensions-4.14.0.tar.gz", hash = "sha256:8676b788e32f02ab42d9e7c61324048ae4c6d844a399eebace3d4979d75ceef4"},
]
